// !$*UTF8*$!
{
	archiveVersion = 1;
	classes = {
	};
	objectVersion = 46;
	objects = {

/* Begin PBXBuildFile section */
		9081B82B1DF830EF00FAEFCD /* main.cpp in Sources */ = {isa = PBXBuildFile; fileRef = 9081B82A1DF830EF00FAEFCD /* main.cpp */; };
		9081B8541DF84D2500FAEFCD /* Coordinates.cpp in Sources */ = {isa = PBXBuildFile; fileRef = 9081B8461DF84D2500FAEFCD /* Coordinates.cpp */; };
		9081B8551DF84D2500FAEFCD /* Errors.cpp in Sources */ = {isa = PBXBuildFile; fileRef = 9081B8481DF84D2500FAEFCD /* Errors.cpp */; };
		9081B8561DF84D2500FAEFCD /* Field.cpp in Sources */ = {isa = PBXBuildFile; fileRef = 9081B84A1DF84D2500FAEFCD /* Field.cpp */; };
		9081B8571DF84D2500FAEFCD /* Polymino.cpp in Sources */ = {isa = PBXBuildFile; fileRef = 9081B84C1DF84D2500FAEFCD /* Polymino.cpp */; };
		9081B8581DF84D2500FAEFCD /* PolyminoComparative.cpp in Sources */ = {isa = PBXBuildFile; fileRef = 9081B84E1DF84D2500FAEFCD /* PolyminoComparative.cpp */; };
		9081B8591DF84D2500FAEFCD /* State.cpp in Sources */ = {isa = PBXBuildFile; fileRef = 9081B8501DF84D2500FAEFCD /* State.cpp */; };
		9081B85A1DF84D2500FAEFCD /* Substring.cpp in Sources */ = {isa = PBXBuildFile; fileRef = 9081B8521DF84D2500FAEFCD /* Substring.cpp */; };
/* End PBXBuildFile section */

/* Begin PBXCopyFilesBuildPhase section */
		9081B8251DF830EF00FAEFCD /* CopyFiles */ = {
			isa = PBXCopyFilesBuildPhase;
			buildActionMask = 2147483647;
			dstPath = /usr/share/man/man1/;
			dstSubfolderSpec = 0;
			files = (
			);
			runOnlyForDeploymentPostprocessing = 1;
		};
/* End PBXCopyFilesBuildPhase section */

/* Begin PBXFileReference section */
		9081B8271DF830EF00FAEFCD /* TestOutput */ = {isa = PBXFileReference; explicitFileType = "compiled.mach-o.executable"; includeInIndex = 0; path = TestOutput; sourceTree = BUILT_PRODUCTS_DIR; };
		9081B82A1DF830EF00FAEFCD /* main.cpp */ = {isa = PBXFileReference; lastKnownFileType = sourcecode.cpp.cpp; path = main.cpp; sourceTree = "<group>"; };
		9081B8461DF84D2500FAEFCD /* Coordinates.cpp */ = {isa = PBXFileReference; fileEncoding = 4; lastKnownFileType = sourcecode.cpp.cpp; path = Coordinates.cpp; sourceTree = "<group>"; };
		9081B8471DF84D2500FAEFCD /* Coordinates.hpp */ = {isa = PBXFileReference; fileEncoding = 4; lastKnownFileType = sourcecode.cpp.h; path = Coordinates.hpp; sourceTree = "<group>"; };
		9081B8481DF84D2500FAEFCD /* Errors.cpp */ = {isa = PBXFileReference; fileEncoding = 4; lastKnownFileType = sourcecode.cpp.cpp; path = Errors.cpp; sourceTree = "<group>"; };
		9081B8491DF84D2500FAEFCD /* Errors.hpp */ = {isa = PBXFileReference; fileEncoding = 4; lastKnownFileType = sourcecode.cpp.h; path = Errors.hpp; sourceTree = "<group>"; };
		9081B84A1DF84D2500FAEFCD /* Field.cpp */ = {isa = PBXFileReference; fileEncoding = 4; lastKnownFileType = sourcecode.cpp.cpp; path = Field.cpp; sourceTree = "<group>"; };
		9081B84B1DF84D2500FAEFCD /* Field.hpp */ = {isa = PBXFileReference; fileEncoding = 4; lastKnownFileType = sourcecode.cpp.h; path = Field.hpp; sourceTree = "<group>"; };
		9081B84C1DF84D2500FAEFCD /* Polymino.cpp */ = {isa = PBXFileReference; fileEncoding = 4; lastKnownFileType = sourcecode.cpp.cpp; path = Polymino.cpp; sourceTree = "<group>"; };
		9081B84D1DF84D2500FAEFCD /* Polymino.hpp */ = {isa = PBXFileReference; fileEncoding = 4; lastKnownFileType = sourcecode.cpp.h; path = Polymino.hpp; sourceTree = "<group>"; };
		9081B84E1DF84D2500FAEFCD /* PolyminoComparative.cpp */ = {isa = PBXFileReference; fileEncoding = 4; lastKnownFileType = sourcecode.cpp.cpp; path = PolyminoComparative.cpp; sourceTree = "<group>"; };
		9081B84F1DF84D2500FAEFCD /* PolyminoComparative.hpp */ = {isa = PBXFileReference; fileEncoding = 4; lastKnownFileType = sourcecode.cpp.h; path = PolyminoComparative.hpp; sourceTree = "<group>"; };
		9081B8501DF84D2500FAEFCD /* State.cpp */ = {isa = PBXFileReference; fileEncoding = 4; lastKnownFileType = sourcecode.cpp.cpp; path = State.cpp; sourceTree = "<group>"; };
		9081B8511DF84D2500FAEFCD /* State.hpp */ = {isa = PBXFileReference; fileEncoding = 4; lastKnownFileType = sourcecode.cpp.h; path = State.hpp; sourceTree = "<group>"; };
		9081B8521DF84D2500FAEFCD /* Substring.cpp */ = {isa = PBXFileReference; fileEncoding = 4; lastKnownFileType = sourcecode.cpp.cpp; path = Substring.cpp; sourceTree = "<group>"; };
		9081B8531DF84D2500FAEFCD /* Substring.hpp */ = {isa = PBXFileReference; fileEncoding = 4; lastKnownFileType = sourcecode.cpp.h; path = Substring.hpp; sourceTree = "<group>"; };
/* End PBXFileReference section */

/* Begin PBXFrameworksBuildPhase section */
		9081B8241DF830EF00FAEFCD /* Frameworks */ = {
			isa = PBXFrameworksBuildPhase;
			buildActionMask = 2147483647;
			files = (
			);
			runOnlyForDeploymentPostprocessing = 0;
		};
/* End PBXFrameworksBuildPhase section */

/* Begin PBXGroup section */
		9081B81E1DF830EF00FAEFCD = {
			isa = PBXGroup;
			children = (
				9081B8291DF830EF00FAEFCD /* TestOutput */,
				9081B8281DF830EF00FAEFCD /* Products */,
			);
			sourceTree = "<group>";
		};
		9081B8281DF830EF00FAEFCD /* Products */ = {
			isa = PBXGroup;
			children = (
				9081B8271DF830EF00FAEFCD /* TestOutput */,
			);
			name = Products;
			sourceTree = "<group>";
		};
		9081B8291DF830EF00FAEFCD /* TestOutput */ = {
			isa = PBXGroup;
			children = (
				9081B8461DF84D2500FAEFCD /* Coordinates.cpp */,
				9081B8471DF84D2500FAEFCD /* Coordinates.hpp */,
				9081B8481DF84D2500FAEFCD /* Errors.cpp */,
				9081B8491DF84D2500FAEFCD /* Errors.hpp */,
				9081B84A1DF84D2500FAEFCD /* Field.cpp */,
				9081B84B1DF84D2500FAEFCD /* Field.hpp */,
				9081B84C1DF84D2500FAEFCD /* Polymino.cpp */,
				9081B84D1DF84D2500FAEFCD /* Polymino.hpp */,
				9081B84E1DF84D2500FAEFCD /* PolyminoComparative.cpp */,
				9081B84F1DF84D2500FAEFCD /* PolyminoComparative.hpp */,
				9081B8501DF84D2500FAEFCD /* State.cpp */,
				9081B8511DF84D2500FAEFCD /* State.hpp */,
				9081B8521DF84D2500FAEFCD /* Substring.cpp */,
				9081B8531DF84D2500FAEFCD /* Substring.hpp */,
				9081B82A1DF830EF00FAEFCD /* main.cpp */,
			);
			path = TestOutput;
			sourceTree = "<group>";
		};
/* End PBXGroup section */

/* Begin PBXNativeTarget section */
		9081B8261DF830EF00FAEFCD /* TestOutput */ = {
			isa = PBXNativeTarget;
			buildConfigurationList = 9081B82E1DF830EF00FAEFCD /* Build configuration list for PBXNativeTarget "TestOutput" */;
			buildPhases = (
				9081B8231DF830EF00FAEFCD /* Sources */,
				9081B8241DF830EF00FAEFCD /* Frameworks */,
				9081B8251DF830EF00FAEFCD /* CopyFiles */,
			);
			buildRules = (
			);
			dependencies = (
			);
			name = TestOutput;
			productName = TestOutput;
			productReference = 9081B8271DF830EF00FAEFCD /* TestOutput */;
			productType = "com.apple.product-type.tool";
		};
/* End PBXNativeTarget section */

/* Begin PBXProject section */
		9081B81F1DF830EF00FAEFCD /* Project object */ = {
			isa = PBXProject;
			attributes = {
				LastUpgradeCheck = 0810;
				ORGANIZATIONNAME = "Rishat Valitov";
				TargetAttributes = {
					9081B8261DF830EF00FAEFCD = {
						CreatedOnToolsVersion = 8.1;
						ProvisioningStyle = Automatic;
					};
				};
			};
			buildConfigurationList = 9081B8221DF830EF00FAEFCD /* Build configuration list for PBXProject "TestOutput" */;
			compatibilityVersion = "Xcode 3.2";
			developmentRegion = English;
			hasScannedForEncodings = 0;
			knownRegions = (
				en,
			);
			mainGroup = 9081B81E1DF830EF00FAEFCD;
			productRefGroup = 9081B8281DF830EF00FAEFCD /* Products */;
			projectDirPath = "";
			projectRoot = "";
			targets = (
				9081B8261DF830EF00FAEFCD /* TestOutput */,
			);
		};
/* End PBXProject section */

/* Begin PBXSourcesBuildPhase section */
		9081B8231DF830EF00FAEFCD /* Sources */ = {
			isa = PBXSourcesBuildPhase;
			buildActionMask = 2147483647;
			files = (
				9081B8571DF84D2500FAEFCD /* Polymino.cpp in Sources */,
				9081B8551DF84D2500FAEFCD /* Errors.cpp in Sources */,
				9081B82B1DF830EF00FAEFCD /* main.cpp in Sources */,
				9081B8561DF84D2500FAEFCD /* Field.cpp in Sources */,
				9081B8591DF84D2500FAEFCD /* State.cpp in Sources */,
				9081B8581DF84D2500FAEFCD /* PolyminoComparative.cpp in Sources */,
				9081B8541DF84D2500FAEFCD /* Coordinates.cpp in Sources */,
				9081B85A1DF84D2500FAEFCD /* Substring.cpp in Sources */,
			);
			runOnlyForDeploymentPostprocessing = 0;
		};
/* End PBXSourcesBuildPhase section */

/* Begin XCBuildConfiguration section */
		9081B82C1DF830EF00FAEFCD /* Debug */ = {
			isa = XCBuildConfiguration;
			buildSettings = {
				ALWAYS_SEARCH_USER_PATHS = NO;
				CLANG_ANALYZER_NONNULL = YES;
				CLANG_CXX_LANGUAGE_STANDARD = "gnu++0x";
				CLANG_CXX_LIBRARY = "libc++";
				CLANG_ENABLE_MODULES = YES;
				CLANG_ENABLE_OBJC_ARC = YES;
				CLANG_WARN_BOOL_CONVERSION = YES;
				CLANG_WARN_CONSTANT_CONVERSION = YES;
				CLANG_WARN_DIRECT_OBJC_ISA_USAGE = YES_ERROR;
				CLANG_WARN_DOCUMENTATION_COMMENTS = YES;
				CLANG_WARN_EMPTY_BODY = YES;
				CLANG_WARN_ENUM_CONVERSION = YES;
				CLANG_WARN_INFINITE_RECURSION = YES;
				CLANG_WARN_INT_CONVERSION = YES;
				CLANG_WARN_OBJC_ROOT_CLASS = YES_ERROR;
				CLANG_WARN_SUSPICIOUS_MOVES = YES;
				CLANG_WARN_UNREACHABLE_CODE = YES;
				CLANG_WARN__DUPLICATE_METHOD_MATCH = YES;
				CODE_SIGN_IDENTITY = "-";
				COPY_PHASE_STRIP = NO;
				DEBUG_INFORMATION_FORMAT = dwarf;
				ENABLE_STRICT_OBJC_MSGSEND = YES;
				ENABLE_TESTABILITY = YES;
				GCC_C_LANGUAGE_STANDARD = gnu99;
				GCC_DYNAMIC_NO_PIC = NO;
				GCC_NO_COMMON_BLOCKS = YES;
				GCC_OPTIMIZATION_LEVEL = 0;
				GCC_PREPROCESSOR_DEFINITIONS = (
					"DEBUG=1",
					"$(inherited)",
				);
				GCC_WARN_64_TO_32_BIT_CONVERSION = YES;
				GCC_WARN_ABOUT_RETURN_TYPE = YES_ERROR;
				GCC_WARN_UNDECLARED_SELECTOR = YES;
				GCC_WARN_UNINITIALIZED_AUTOS = YES_AGGRESSIVE;
				GCC_WARN_UNUSED_FUNCTION = YES;
				GCC_WARN_UNUSED_VARIABLE = YES;
				MACOSX_DEPLOYMENT_TARGET = 10.12;
				MTL_ENABLE_DEBUG_INFO = YES;
				ONLY_ACTIVE_ARCH = YES;
				SDKROOT = macosx;
			};
			name = Debug;
		};
		9081B82D1DF830EF00FAEFCD /* Release */ = {
			isa = XCBuildConfiguration;
			buildSettings = {
				ALWAYS_SEARCH_USER_PATHS = NO;
				CLANG_ANALYZER_NONNULL = YES;
				CLANG_CXX_LANGUAGE_STANDARD = "gnu++0x";
				CLANG_CXX_LIBRARY = "libc++";
				CLANG_ENABLE_MODULES = YES;
				CLANG_ENABLE_OBJC_ARC = YES;
				CLANG_WARN_BOOL_CONVERSION = YES;
				CLANG_WARN_CONSTANT_CONVERSION = YES;
				CLANG_WARN_DIRECT_OBJC_ISA_USAGE = YES_ERROR;
				CLANG_WARN_DOCUMENTATION_COMMENTS = YES;
				CLANG_WARN_EMPTY_BODY = YES;
				CLANG_WARN_ENUM_CONVERSION = YES;
				CLANG_WARN_INFINITE_RECURSION = YES;
				CLANG_WARN_INT_CONVERSION = YES;
				CLANG_WARN_OBJC_ROOT_CLASS = YES_ERROR;
				CLANG_WARN_SUSPICIOUS_MOVES = YES;
				CLANG_WARN_UNREACHABLE_CODE = YES;
				CLANG_WARN__DUPLICATE_METHOD_MATCH = YES;
				CODE_SIGN_IDENTITY = "-";
				COPY_PHASE_STRIP = NO;
				DEBUG_INFORMATION_FORMAT = "dwarf-with-dsym";
				ENABLE_NS_ASSERTIONS = NO;
				ENABLE_STRICT_OBJC_MSGSEND = YES;
				GCC_C_LANGUAGE_STANDARD = gnu99;
				GCC_NO_COMMON_BLOCKS = YES;
				GCC_WARN_64_TO_32_BIT_CONVERSION = YES;
				GCC_WARN_ABOUT_RETURN_TYPE = YES_ERROR;
				GCC_WARN_UNDECLARED_SELECTOR = YES;
				GCC_WARN_UNINITIALIZED_AUTOS = YES_AGGRESSIVE;
				GCC_WARN_UNUSED_FUNCTION = YES;
				GCC_WARN_UNUSED_VARIABLE = YES;
				MACOSX_DEPLOYMENT_TARGET = 10.12;
				MTL_ENABLE_DEBUG_INFO = NO;
				SDKROOT = macosx;
			};
			name = Release;
		};
		9081B82F1DF830EF00FAEFCD /* Debug */ = {
			isa = XCBuildConfiguration;
			buildSettings = {
				PRODUCT_NAME = "$(TARGET_NAME)";
			};
			name = Debug;
		};
		9081B8301DF830EF00FAEFCD /* Release */ = {
			isa = XCBuildConfiguration;
			buildSettings = {
				PRODUCT_NAME = "$(TARGET_NAME)";
			};
			name = Release;
		};
/* End XCBuildConfiguration section */

/* Begin XCConfigurationList section */
		9081B8221DF830EF00FAEFCD /* Build configuration list for PBXProject "TestOutput" */ = {
			isa = XCConfigurationList;
			buildConfigurations = (
				9081B82C1DF830EF00FAEFCD /* Debug */,
				9081B82D1DF830EF00FAEFCD /* Release */,
			);
			defaultConfigurationIsVisible = 0;
			defaultConfigurationName = Release;
		};
		9081B82E1DF830EF00FAEFCD /* Build configuration list for PBXNativeTarget "TestOutput" */ = {
			isa = XCConfigurationList;
			buildConfigurations = (
				9081B82F1DF830EF00FAEFCD /* Debug */,
				9081B8301DF830EF00FAEFCD /* Release */,
			);
			defaultConfigurationIsVisible = 0;
		};
/* End XCConfigurationList section */
	};
	rootObject = 9081B81F1DF830EF00FAEFCD /* Project object */;
}
